
Microsoft Visual Studio Solution File, Format Version 12.00
Project("{8BC9CEB8-8B4A-11D0-8D11-00A0C91BC942}") = "SWEA", "SWEA\SWEA.vcxproj", "{656FB5BA-DC02-4678-8C09-4D74099E75BE}"
EndProject
Project("{8BC9CEB8-8B4A-11D0-8D11-00A0C91BC942}") = "따배씨", "따배씨\따배씨.vcxproj", "{3BDA710C-0D9A-42A2-85BE-068FCB55F4C9}"
EndProject
Project("{8BC9CEB8-8B4A-11D0-8D11-00A0C91BC942}") = "모두C", "모두C\모두C.vcxproj", "{B99126E2-A432-41C8-BB94-1EC03A9D79E3}"
EndProject
Project("{8BC9CEB8-8B4A-11D0-8D11-00A0C91BC942}") = "모두C++", "모두C++\모두C++.vcxproj", "{13A7276C-8FC8-441E-AC84-CF5781CC4F73}"
EndProject
Project("{8BC9CEB8-8B4A-11D0-8D11-00A0C91BC942}") = "민코딩", "민코딩\민코딩.vcxproj", "{8BFE68CE-70D5-42CA-AA09-F77935123880}"
EndProject
Project("{8BC9CEB8-8B4A-11D0-8D11-00A0C91BC942}") = "백준", "백준\백준.vcxproj", "{EC8B1B46-9F7E-4D9A-8018-F7C16B1D9D65}"
EndProject
Project("{8BC9CEB8-8B4A-11D0-8D11-00A0C91BC942}") = "싸피", "싸피\싸피.vcxproj", "{186A9655-A73E-4770-A0B6-740EA70977F3}"
EndProject
Project("{2150E333-8FDC-42A3-9474-1A3956D46DE8}") = "알고리즘", "알고리즘", "{7A90946E-42F7-4A44-81D8-E623E3CD2D8E}"
EndProject
Project("{2150E333-8FDC-42A3-9474-1A3956D46DE8}") = "이론", "이론", "{ED8E907E-6065-4B8E-9583-6B01D011F368}"
EndProject
Global
	GlobalSection(SolutionConfigurationPlatforms) = preSolution
		Debug|Win32 = Debug|Win32
		Debug|x64 = Debug|x64
		Release|Win32 = Release|Win32
		Release|x64 = Release|x64
	EndGlobalSection
	GlobalSection(ProjectConfigurationPlatforms) = postSolution
		{656FB5BA-DC02-4678-8C09-4D74099E75BE}.Debug|Win32.ActiveCfg = Debug|Win32
		{656FB5BA-DC02-4678-8C09-4D74099E75BE}.Debug|Win32.Build.0 = Debug|Win32
		{656FB5BA-DC02-4678-8C09-4D74099E75BE}.Debug|x64.ActiveCfg = Debug|x64
		{656FB5BA-DC02-4678-8C09-4D74099E75BE}.Debug|x64.Build.0 = Debug|x64
		{656FB5BA-DC02-4678-8C09-4D74099E75BE}.Release|Win32.ActiveCfg = Release|Win32
		{656FB5BA-DC02-4678-8C09-4D74099E75BE}.Release|Win32.Build.0 = Release|Win32
		{656FB5BA-DC02-4678-8C09-4D74099E75BE}.Release|x64.ActiveCfg = Release|x64
		{656FB5BA-DC02-4678-8C09-4D74099E75BE}.Release|x64.Build.0 = Release|x64
		{3BDA710C-0D9A-42A2-85BE-068FCB55F4C9}.Debug|Win32.ActiveCfg = Debug|Win32
		{3BDA710C-0D9A-42A2-85BE-068FCB55F4C9}.Debug|Win32.Build.0 = Debug|Win32
		{3BDA710C-0D9A-42A2-85BE-068FCB55F4C9}.Debug|x64.ActiveCfg = Debug|x64
		{3BDA710C-0D9A-42A2-85BE-068FCB55F4C9}.Debug|x64.Build.0 = Debug|x64
		{3BDA710C-0D9A-42A2-85BE-068FCB55F4C9}.Release|Win32.ActiveCfg = Release|Win32
		{3BDA710C-0D9A-42A2-85BE-068FCB55F4C9}.Release|Win32.Build.0 = Release|Win32
		{3BDA710C-0D9A-42A2-85BE-068FCB55F4C9}.Release|x64.ActiveCfg = Release|x64
		{3BDA710C-0D9A-42A2-85BE-068FCB55F4C9}.Release|x64.Build.0 = Release|x64
		{B99126E2-A432-41C8-BB94-1EC03A9D79E3}.Debug|Win32.ActiveCfg = Debug|Win32
		{B99126E2-A432-41C8-BB94-1EC03A9D79E3}.Debug|Win32.Build.0 = Debug|Win32
		{B99126E2-A432-41C8-BB94-1EC03A9D79E3}.Debug|x64.ActiveCfg = Debug|x64
		{B99126E2-A432-41C8-BB94-1EC03A9D79E3}.Debug|x64.Build.0 = Debug|x64
		{B99126E2-A432-41C8-BB94-1EC03A9D79E3}.Release|Win32.ActiveCfg = Release|Win32
		{B99126E2-A432-41C8-BB94-1EC03A9D79E3}.Release|Win32.Build.0 = Release|Win32
		{B99126E2-A432-41C8-BB94-1EC03A9D79E3}.Release|x64.ActiveCfg = Release|x64
		{B99126E2-A432-41C8-BB94-1EC03A9D79E3}.Release|x64.Build.0 = Release|x64
		{13A7276C-8FC8-441E-AC84-CF5781CC4F73}.Debug|Win32.ActiveCfg = Debug|Win32
		{13A7276C-8FC8-441E-AC84-CF5781CC4F73}.Debug|Win32.Build.0 = Debug|Win32
		{13A7276C-8FC8-441E-AC84-CF5781CC4F73}.Debug|x64.ActiveCfg = Debug|x64
		{13A7276C-8FC8-441E-AC84-CF5781CC4F73}.Debug|x64.Build.0 = Debug|x64
		{13A7276C-8FC8-441E-AC84-CF5781CC4F73}.Release|Win32.ActiveCfg = Release|Win32
		{13A7276C-8FC8-441E-AC84-CF5781CC4F73}.Release|Win32.Build.0 = Release|Win32
		{13A7276C-8FC8-441E-AC84-CF5781CC4F73}.Release|x64.ActiveCfg = Release|x64
		{13A7276C-8FC8-441E-AC84-CF5781CC4F73}.Release|x64.Build.0 = Release|x64
		{8BFE68CE-70D5-42CA-AA09-F77935123880}.Debug|Win32.ActiveCfg = Debug|Win32
		{8BFE68CE-70D5-42CA-AA09-F77935123880}.Debug|Win32.Build.0 = Debug|Win32
		{8BFE68CE-70D5-42CA-AA09-F77935123880}.Debug|x64.ActiveCfg = Debug|x64
		{8BFE68CE-70D5-42CA-AA09-F77935123880}.Debug|x64.Build.0 = Debug|x64
		{8BFE68CE-70D5-42CA-AA09-F77935123880}.Release|Win32.ActiveCfg = Release|Win32
		{8BFE68CE-70D5-42CA-AA09-F77935123880}.Release|Win32.Build.0 = Release|Win32
		{8BFE68CE-70D5-42CA-AA09-F77935123880}.Release|x64.ActiveCfg = Release|x64
		{8BFE68CE-70D5-42CA-AA09-F77935123880}.Release|x64.Build.0 = Release|x64
		{EC8B1B46-9F7E-4D9A-8018-F7C16B1D9D65}.Debug|Win32.ActiveCfg = Debug|Win32
		{EC8B1B46-9F7E-4D9A-8018-F7C16B1D9D65}.Debug|Win32.Build.0 = Debug|Win32
		{EC8B1B46-9F7E-4D9A-8018-F7C16B1D9D65}.Debug|x64.ActiveCfg = Debug|x64
		{EC8B1B46-9F7E-4D9A-8018-F7C16B1D9D65}.Debug|x64.Build.0 = Debug|x64
		{EC8B1B46-9F7E-4D9A-8018-F7C16B1D9D65}.Release|Win32.ActiveCfg = Release|Win32
		{EC8B1B46-9F7E-4D9A-8018-F7C16B1D9D65}.Release|Win32.Build.0 = Release|Win32
		{EC8B1B46-9F7E-4D9A-8018-F7C16B1D9D65}.Release|x64.ActiveCfg = Release|x64
		{EC8B1B46-9F7E-4D9A-8018-F7C16B1D9D65}.Release|x64.Build.0 = Release|x64
		{186A9655-A73E-4770-A0B6-740EA70977F3}.Debug|Win32.ActiveCfg = Debug|Win32
		{186A9655-A73E-4770-A0B6-740EA70977F3}.Debug|Win32.Build.0 = Debug|Win32
		{186A9655-A73E-4770-A0B6-740EA70977F3}.Debug|x64.ActiveCfg = Debug|x64
		{186A9655-A73E-4770-A0B6-740EA70977F3}.Debug|x64.Build.0 = Debug|x64
		{186A9655-A73E-4770-A0B6-740EA70977F3}.Release|Win32.ActiveCfg = Release|Win32
		{186A9655-A73E-4770-A0B6-740EA70977F3}.Release|Win32.Build.0 = Release|Win32
		{186A9655-A73E-4770-A0B6-740EA70977F3}.Release|x64.ActiveCfg = Release|x64
		{186A9655-A73E-4770-A0B6-740EA70977F3}.Release|x64.Build.0 = Release|x64
	EndGlobalSection
	GlobalSection(NestedProjects) = preSolution
		{656FB5BA-DC02-4678-8C09-4D74099E75BE} = {7A90946E-42F7-4A44-81D8-E623E3CD2D8E}
		{EC8B1B46-9F7E-4D9A-8018-F7C16B1D9D65} = {7A90946E-42F7-4A44-81D8-E623E3CD2D8E}
		{8BFE68CE-70D5-42CA-AA09-F77935123880} = {7A90946E-42F7-4A44-81D8-E623E3CD2D8E}
		{3BDA710C-0D9A-42A2-85BE-068FCB55F4C9} = {ED8E907E-6065-4B8E-9583-6B01D011F368}
		{B99126E2-A432-41C8-BB94-1EC03A9D79E3} = {ED8E907E-6065-4B8E-9583-6B01D011F368}
		{13A7276C-8FC8-441E-AC84-CF5781CC4F73} = {ED8E907E-6065-4B8E-9583-6B01D011F368}
		{186A9655-A73E-4770-A0B6-740EA70977F3} = {ED8E907E-6065-4B8E-9583-6B01D011F368}
	EndGlobalSection
EndGlobal
