<?xml version="1.0" encoding="utf-8"?>
<Project ToolsVersion="4.0" xmlns="http://schemas.microsoft.com/developer/msbuild/2003">
  <ItemGroup>
    <ClCompile Include="Ex0301_StringAbstractDataType.cpp" />
    <ClCompile Include="MyString.cpp" />
  </ItemGroup>
  <ItemGroup>
    <ClInclude Include="MyString.h" />
  </ItemGroup>
</Project>