
Microsoft Visual Studio Solution File, Format Version 12.00
# Visual Studio Version 17
VisualStudioVersion = 17.6.33829.357
MinimumVisualStudioVersion = 10.0.40219.1
Project("{8BC9CEB8-8B4A-11D0-8D11-00A0C91BC942}") = "홍정모", "홍정모\홍정모.vcxproj", "{EF9CFE2F-9E2B-473A-84DB-7487B477D276}"
EndProject
Project("{8BC9CEB8-8B4A-11D0-8D11-00A0C91BC942}") = "모두", "모두\모두.vcxproj", "{3B7CF27D-89D1-4E13-B695-1426F3E59AA7}"
EndProject
Global
	GlobalSection(SolutionConfigurationPlatforms) = preSolution
		Debug|x64 = Debug|x64
		Debug|x86 = Debug|x86
		Release|x64 = Release|x64
		Release|x86 = Release|x86
	EndGlobalSection
	GlobalSection(ProjectConfigurationPlatforms) = postSolution
		{EF9CFE2F-9E2B-473A-84DB-7487B477D276}.Debug|x64.ActiveCfg = Debug|x64
		{EF9CFE2F-9E2B-473A-84DB-7487B477D276}.Debug|x64.Build.0 = Debug|x64
		{EF9CFE2F-9E2B-473A-84DB-7487B477D276}.Debug|x86.ActiveCfg = Debug|Win32
		{EF9CFE2F-9E2B-473A-84DB-7487B477D276}.Debug|x86.Build.0 = Debug|Win32
		{EF9CFE2F-9E2B-473A-84DB-7487B477D276}.Release|x64.ActiveCfg = Release|x64
		{EF9CFE2F-9E2B-473A-84DB-7487B477D276}.Release|x64.Build.0 = Release|x64
		{EF9CFE2F-9E2B-473A-84DB-7487B477D276}.Release|x86.ActiveCfg = Release|Win32
		{EF9CFE2F-9E2B-473A-84DB-7487B477D276}.Release|x86.Build.0 = Release|Win32
		{3B7CF27D-89D1-4E13-B695-1426F3E59AA7}.Debug|x64.ActiveCfg = Debug|x64
		{3B7CF27D-89D1-4E13-B695-1426F3E59AA7}.Debug|x64.Build.0 = Debug|x64
		{3B7CF27D-89D1-4E13-B695-1426F3E59AA7}.Debug|x86.ActiveCfg = Debug|Win32
		{3B7CF27D-89D1-4E13-B695-1426F3E59AA7}.Debug|x86.Build.0 = Debug|Win32
		{3B7CF27D-89D1-4E13-B695-1426F3E59AA7}.Release|x64.ActiveCfg = Release|x64
		{3B7CF27D-89D1-4E13-B695-1426F3E59AA7}.Release|x64.Build.0 = Release|x64
		{3B7CF27D-89D1-4E13-B695-1426F3E59AA7}.Release|x86.ActiveCfg = Release|Win32
		{3B7CF27D-89D1-4E13-B695-1426F3E59AA7}.Release|x86.Build.0 = Release|Win32
	EndGlobalSection
	GlobalSection(SolutionProperties) = preSolution
		HideSolutionNode = FALSE
	EndGlobalSection
	GlobalSection(ExtensibilityGlobals) = postSolution
		SolutionGuid = {F243E980-AB73-43D5-90D2-9D0108825BD3}
	EndGlobalSection
EndGlobal
