<?xml version="1.0" encoding="utf-8"?>
<Project ToolsVersion="4.0" xmlns="http://schemas.microsoft.com/developer/msbuild/2003">
  <ItemGroup>
    <ClCompile Include="1213. String.cpp" />
    <ClCompile Include="1221. GNS.cpp" />
    <ClCompile Include="1859. 백만 장자 프로젝트.cpp" />
    <ClCompile Include="1974. 스도쿠 검증.cpp" />
    <ClCompile Include="1989. 초심자의 회문 검사.cpp" />
    <ClCompile Include="3143. 가장 빠른 문자열 타이핑.cpp" />
    <ClCompile Include="1206. View.cpp" />
    <ClCompile Include="1208. Flatten.cpp" />
    <ClCompile Include="1215. 회문1.cpp" />
    <ClCompile Include="16055. min max.cpp" />
    <ClCompile Include="16058. 구간합.cpp" />
    <ClCompile Include="16066. Gravity.cpp" />
    <ClCompile Include="16182. 숫자 카드.cpp" />
    <ClCompile Include="16183. 전기버스.cpp" />
  </ItemGroup>
</Project>